
Microsoft Visual Studio Solution File, Format Version 12.00
# Visual Studio Version 17
VisualStudioVersion = 17.1.32210.238
MinimumVisualStudioVersion = 10.0.40219.1
Project("{8BC9CEB8-8B4A-11D0-8D11-00A0C91BC942}") = "Week_10", "Week_10.vcxproj", "{027CC799-5FC6-4C2B-9FEC-CF797D882854}"
EndProject
Project("{8BC9CEB8-8B4A-11D0-8D11-00A0C91BC942}") = "Client", "Client\Client.vcxproj", "{2137CDDF-28F9-405A-A5C4-A64D68654954}"
EndProject
Global
	GlobalSection(SolutionConfigurationPlatforms) = preSolution
		Debug|x64 = Debug|x64
		Debug|x86 = Debug|x86
		Release|x64 = Release|x64
		Release|x86 = Release|x86
	EndGlobalSection
	GlobalSection(ProjectConfigurationPlatforms) = postSolution
		{027CC799-5FC6-4C2B-9FEC-CF797D882854}.Debug|x64.ActiveCfg = Debug|x64
		{027CC799-5FC6-4C2B-9FEC-CF797D882854}.Debug|x64.Build.0 = Debug|x64
		{027CC799-5FC6-4C2B-9FEC-CF797D882854}.Debug|x86.ActiveCfg = Debug|Win32
		{027CC799-5FC6-4C2B-9FEC-CF797D882854}.Debug|x86.Build.0 = Debug|Win32
		{027CC799-5FC6-4C2B-9FEC-CF797D882854}.Release|x64.ActiveCfg = Release|x64
		{027CC799-5FC6-4C2B-9FEC-CF797D882854}.Release|x64.Build.0 = Release|x64
		{027CC799-5FC6-4C2B-9FEC-CF797D882854}.Release|x86.ActiveCfg = Release|Win32
		{027CC799-5FC6-4C2B-9FEC-CF797D882854}.Release|x86.Build.0 = Release|Win32
		{2137CDDF-28F9-405A-A5C4-A64D68654954}.Debug|x64.ActiveCfg = Debug|x64
		{2137CDDF-28F9-405A-A5C4-A64D68654954}.Debug|x64.Build.0 = Debug|x64
		{2137CDDF-28F9-405A-A5C4-A64D68654954}.Debug|x86.ActiveCfg = Debug|Win32
		{2137CDDF-28F9-405A-A5C4-A64D68654954}.Debug|x86.Build.0 = Debug|Win32
		{2137CDDF-28F9-405A-A5C4-A64D68654954}.Release|x64.ActiveCfg = Release|x64
		{2137CDDF-28F9-405A-A5C4-A64D68654954}.Release|x64.Build.0 = Release|x64
		{2137CDDF-28F9-405A-A5C4-A64D68654954}.Release|x86.ActiveCfg = Release|Win32
		{2137CDDF-28F9-405A-A5C4-A64D68654954}.Release|x86.Build.0 = Release|Win32
	EndGlobalSection
	GlobalSection(SolutionProperties) = preSolution
		HideSolutionNode = FALSE
	EndGlobalSection
	GlobalSection(ExtensibilityGlobals) = postSolution
		SolutionGuid = {354EDB34-0EAC-4C7D-BE65-03654BE1B741}
	EndGlobalSection
EndGlobal
